
Microsoft Visual Studio Solution File, Format Version 11.00
# Visual Web Developer Express 2010
Project("{FAE04EC0-301F-11D3-BF4B-00C04F79EFBC}") = "ConnectionPoolingApp.Web", "ConnectionPoolingApp.Web\ConnectionPoolingApp.Web.csproj", "{B2D6BA99-769C-47FD-81BE-DC7A75A29503}"
EndProject
Global
	GlobalSection(SolutionConfigurationPlatforms) = preSolution
		Debug|Any CPU = Debug|Any CPU
		Release|Any CPU = Release|Any CPU
	EndGlobalSection
	GlobalSection(ProjectConfigurationPlatforms) = postSolution
		{B2D6BA99-769C-47FD-81BE-DC7A75A29503}.Debug|Any CPU.ActiveCfg = Debug|Any CPU
		{B2D6BA99-769C-47FD-81BE-DC7A75A29503}.Debug|Any CPU.Build.0 = Debug|Any CPU
		{B2D6BA99-769C-47FD-81BE-DC7A75A29503}.Release|Any CPU.ActiveCfg = Release|Any CPU
		{B2D6BA99-769C-47FD-81BE-DC7A75A29503}.Release|Any CPU.Build.0 = Release|Any CPU
	EndGlobalSection
	GlobalSection(SolutionProperties) = preSolution
		HideSolutionNode = FALSE
	EndGlobalSection
EndGlobal
